
Microsoft Visual Studio Solution File, Format Version 12.00
# Visual Studio Version 17
VisualStudioVersion = 17.1.32421.90
MinimumVisualStudioVersion = 10.0.40219.1
Project("{9A19103F-16F7-4668-BE54-9A1E7A4F7556}") = "TodoApi", "TodoApi.csproj", "{AEEBB45E-1078-4AF1-A911-7819AE7CC4EE}"
EndProject
Global
	GlobalSection(SolutionConfigurationPlatforms) = preSolution
		Debug|Any CPU = Debug|Any CPU
		Release|Any CPU = Release|Any CPU
	EndGlobalSection
	GlobalSection(ProjectConfigurationPlatforms) = postSolution
		{AEEBB45E-1078-4AF1-A911-7819AE7CC4EE}.Debug|Any CPU.ActiveCfg = Debug|Any CPU
		{AEEBB45E-1078-4AF1-A911-7819AE7CC4EE}.Debug|Any CPU.Build.0 = Debug|Any CPU
		{AEEBB45E-1078-4AF1-A911-7819AE7CC4EE}.Release|Any CPU.ActiveCfg = Release|Any CPU
		{AEEBB45E-1078-4AF1-A911-7819AE7CC4EE}.Release|Any CPU.Build.0 = Release|Any CPU
	EndGlobalSection
	GlobalSection(SolutionProperties) = preSolution
		HideSolutionNode = FALSE
	EndGlobalSection
	GlobalSection(ExtensibilityGlobals) = postSolution
		SolutionGuid = {E4CBBC53-582E-406B-A8A0-D3D4B012E97D}
	EndGlobalSection
EndGlobal
